{
    "version": 3,
    "terraform_version": "0.11.13",
    "serial": 4,
    "lineage": "ba53abd9-3ace-116d-1ecf-632181d179a2",
    "modules": [
        {
            "path": [
                "root"
            ],
            "outputs": {},
            "resources": {
                "docker_container.leaf-1": {
                    "type": "docker_container",
                    "depends_on": [],
                    "primary": {
                        "id": "2af1ff3032c8bf4fc06e4e73367619e9961c71306759dd605b7ec80f894ccbda",
                        "attributes": {
                            "attach": "false",
                            "bridge": "",
                            "command.#": "1",
                            "command.0": "/sbin/init",
                            "env.#": "6",
                            "env.1051106910": "CEOS=1",
                            "env.1488415922": "ETBA=1",
                            "env.3084761760": "EOS_PLATFORM=ceoslab",
                            "env.3464381541": "SKIP_ZEROTOUCH_BARRIER_IN_SYSDBINIT=1",
                            "env.4035827681": "INTFTYPE=eth",
                            "env.4067249254": "container=docker",
                            "gateway": "172.27.0.1",
                            "id": "2af1ff3032c8bf4fc06e4e73367619e9961c71306759dd605b7ec80f894ccbda",
                            "image": "ceos:latest",
                            "ip_address": "172.27.0.6",
                            "ip_prefix_length": "16",
                            "log_driver": "json-file",
                            "logs": "false",
                            "must_run": "true",
                            "name": "leaf-1",
                            "network_data.#": "3",
                            "network_data.0.gateway": "172.27.0.1",
                            "network_data.0.ip_address": "172.27.0.6",
                            "network_data.0.ip_prefix_length": "16",
                            "network_data.0.network_name": "eth0",
                            "network_data.1.gateway": "172.23.0.1",
                            "network_data.1.ip_address": "172.23.0.3",
                            "network_data.1.ip_prefix_length": "16",
                            "network_data.1.network_name": "eth1",
                            "network_data.2.gateway": "172.28.0.1",
                            "network_data.2.ip_address": "172.28.0.3",
                            "network_data.2.ip_prefix_length": "16",
                            "network_data.2.network_name": "eth4",
                            "networks_advanced.#": "3",
                            "networks_advanced.1712993712.aliases.#": "0",
                            "networks_advanced.1712993712.ipv4_address": "",
                            "networks_advanced.1712993712.ipv6_address": "",
                            "networks_advanced.1712993712.name": "eth4",
                            "networks_advanced.41349300.aliases.#": "0",
                            "networks_advanced.41349300.ipv4_address": "",
                            "networks_advanced.41349300.ipv6_address": "",
                            "networks_advanced.41349300.name": "eth0",
                            "networks_advanced.460177909.aliases.#": "0",
                            "networks_advanced.460177909.ipv4_address": "",
                            "networks_advanced.460177909.ipv6_address": "",
                            "networks_advanced.460177909.name": "eth1",
                            "ports.#": "0",
                            "privileged": "true",
                            "restart": "always",
                            "rm": "false",
                            "start": "true"
                        },
                        "meta": {
                            "schema_version": "1"
                        },
                        "tainted": false
                    },
                    "deposed": [],
                    "provider": "provider.docker"
                },
                "docker_container.leaf-2": {
                    "type": "docker_container",
                    "depends_on": [],
                    "primary": {
                        "id": "34b78bf248116f40e94f6052e0d9d330a7731bff68d08b9f426a4e14456ad4f8",
                        "attributes": {
                            "attach": "false",
                            "bridge": "",
                            "command.#": "1",
                            "command.0": "/sbin/init",
                            "env.#": "6",
                            "env.1051106910": "CEOS=1",
                            "env.1488415922": "ETBA=1",
                            "env.3084761760": "EOS_PLATFORM=ceoslab",
                            "env.3464381541": "SKIP_ZEROTOUCH_BARRIER_IN_SYSDBINIT=1",
                            "env.4035827681": "INTFTYPE=eth",
                            "env.4067249254": "container=docker",
                            "gateway": "172.27.0.1",
                            "id": "34b78bf248116f40e94f6052e0d9d330a7731bff68d08b9f426a4e14456ad4f8",
                            "image": "ceos:latest",
                            "ip_address": "172.27.0.4",
                            "ip_prefix_length": "16",
                            "log_driver": "json-file",
                            "logs": "false",
                            "must_run": "true",
                            "name": "leaf-2",
                            "network_data.#": "3",
                            "network_data.0.gateway": "172.27.0.1",
                            "network_data.0.ip_address": "172.27.0.4",
                            "network_data.0.ip_prefix_length": "16",
                            "network_data.0.network_name": "eth0",
                            "network_data.1.gateway": "172.24.0.1",
                            "network_data.1.ip_address": "172.24.0.2",
                            "network_data.1.ip_prefix_length": "16",
                            "network_data.1.network_name": "eth2",
                            "network_data.2.gateway": "172.22.0.1",
                            "network_data.2.ip_address": "172.22.0.2",
                            "network_data.2.ip_prefix_length": "16",
                            "network_data.2.network_name": "eth5",
                            "networks_advanced.#": "3",
                            "networks_advanced.2130773233.aliases.#": "0",
                            "networks_advanced.2130773233.ipv4_address": "",
                            "networks_advanced.2130773233.ipv6_address": "",
                            "networks_advanced.2130773233.name": "eth5",
                            "networks_advanced.41349300.aliases.#": "0",
                            "networks_advanced.41349300.ipv4_address": "",
                            "networks_advanced.41349300.ipv6_address": "",
                            "networks_advanced.41349300.name": "eth0",
                            "networks_advanced.809538102.aliases.#": "0",
                            "networks_advanced.809538102.ipv4_address": "",
                            "networks_advanced.809538102.ipv6_address": "",
                            "networks_advanced.809538102.name": "eth2",
                            "ports.#": "0",
                            "privileged": "true",
                            "restart": "always",
                            "rm": "false",
                            "start": "true"
                        },
                        "meta": {
                            "schema_version": "1"
                        },
                        "tainted": false
                    },
                    "deposed": [],
                    "provider": "provider.docker"
                },
                "docker_container.leaf-3": {
                    "type": "docker_container",
                    "depends_on": [],
                    "primary": {
                        "id": "62ae8be77f813374ebc36e670bdb6b9cd60f4e1adce9020d15568ebcd9fed17c",
                        "attributes": {
                            "attach": "false",
                            "bridge": "",
                            "command.#": "1",
                            "command.0": "/sbin/init",
                            "env.#": "6",
                            "env.1051106910": "CEOS=1",
                            "env.1488415922": "ETBA=1",
                            "env.3084761760": "EOS_PLATFORM=ceoslab",
                            "env.3464381541": "SKIP_ZEROTOUCH_BARRIER_IN_SYSDBINIT=1",
                            "env.4035827681": "INTFTYPE=eth",
                            "env.4067249254": "container=docker",
                            "gateway": "172.25.0.1",
                            "id": "62ae8be77f813374ebc36e670bdb6b9cd60f4e1adce9020d15568ebcd9fed17c",
                            "image": "ceos:latest",
                            "ip_address": "172.25.0.2",
                            "ip_prefix_length": "16",
                            "log_driver": "json-file",
                            "logs": "false",
                            "must_run": "true",
                            "name": "leaf-3",
                            "network_data.#": "3",
                            "network_data.0.gateway": "172.21.0.1",
                            "network_data.0.ip_address": "172.21.0.2",
                            "network_data.0.ip_prefix_length": "16",
                            "network_data.0.network_name": "eth6",
                            "network_data.1.gateway": "172.27.0.1",
                            "network_data.1.ip_address": "172.27.0.3",
                            "network_data.1.ip_prefix_length": "16",
                            "network_data.1.network_name": "eth0",
                            "network_data.2.gateway": "172.25.0.1",
                            "network_data.2.ip_address": "172.25.0.2",
                            "network_data.2.ip_prefix_length": "16",
                            "network_data.2.network_name": "eth3",
                            "networks_advanced.#": "3",
                            "networks_advanced.1412192050.aliases.#": "0",
                            "networks_advanced.1412192050.ipv4_address": "",
                            "networks_advanced.1412192050.ipv6_address": "",
                            "networks_advanced.1412192050.name": "eth6",
                            "networks_advanced.41349300.aliases.#": "0",
                            "networks_advanced.41349300.ipv4_address": "",
                            "networks_advanced.41349300.ipv6_address": "",
                            "networks_advanced.41349300.name": "eth0",
                            "networks_advanced.693871479.aliases.#": "0",
                            "networks_advanced.693871479.ipv4_address": "",
                            "networks_advanced.693871479.ipv6_address": "",
                            "networks_advanced.693871479.name": "eth3",
                            "ports.#": "0",
                            "privileged": "true",
                            "restart": "always",
                            "rm": "false",
                            "start": "true"
                        },
                        "meta": {
                            "schema_version": "1"
                        },
                        "tainted": false
                    },
                    "deposed": [],
                    "provider": "provider.docker"
                },
                "docker_container.spine-1": {
                    "type": "docker_container",
                    "depends_on": [],
                    "primary": {
                        "id": "f3043902862b8030467b42473a8ecc1658877bc7532fc44fef4bcfc8e5fb1071",
                        "attributes": {
                            "attach": "false",
                            "bridge": "",
                            "command.#": "1",
                            "command.0": "/sbin/init",
                            "env.#": "6",
                            "env.1051106910": "CEOS=1",
                            "env.1488415922": "ETBA=1",
                            "env.3084761760": "EOS_PLATFORM=ceoslab",
                            "env.3464381541": "SKIP_ZEROTOUCH_BARRIER_IN_SYSDBINIT=1",
                            "env.4035827681": "INTFTYPE=eth",
                            "env.4067249254": "container=docker",
                            "gateway": "172.24.0.1",
                            "id": "f3043902862b8030467b42473a8ecc1658877bc7532fc44fef4bcfc8e5fb1071",
                            "image": "ceos:latest",
                            "ip_address": "172.24.0.3",
                            "ip_prefix_length": "16",
                            "log_driver": "json-file",
                            "logs": "false",
                            "must_run": "true",
                            "name": "spine-1",
                            "network_data.#": "4",
                            "network_data.0.gateway": "172.27.0.1",
                            "network_data.0.ip_address": "172.27.0.2",
                            "network_data.0.ip_prefix_length": "16",
                            "network_data.0.network_name": "eth0",
                            "network_data.1.gateway": "172.23.0.1",
                            "network_data.1.ip_address": "172.23.0.2",
                            "network_data.1.ip_prefix_length": "16",
                            "network_data.1.network_name": "eth1",
                            "network_data.2.gateway": "172.24.0.1",
                            "network_data.2.ip_address": "172.24.0.3",
                            "network_data.2.ip_prefix_length": "16",
                            "network_data.2.network_name": "eth2",
                            "network_data.3.gateway": "172.25.0.1",
                            "network_data.3.ip_address": "172.25.0.3",
                            "network_data.3.ip_prefix_length": "16",
                            "network_data.3.network_name": "eth3",
                            "networks_advanced.#": "4",
                            "networks_advanced.41349300.aliases.#": "0",
                            "networks_advanced.41349300.ipv4_address": "",
                            "networks_advanced.41349300.ipv6_address": "",
                            "networks_advanced.41349300.name": "eth0",
                            "networks_advanced.460177909.aliases.#": "0",
                            "networks_advanced.460177909.ipv4_address": "",
                            "networks_advanced.460177909.ipv6_address": "",
                            "networks_advanced.460177909.name": "eth1",
                            "networks_advanced.693871479.aliases.#": "0",
                            "networks_advanced.693871479.ipv4_address": "",
                            "networks_advanced.693871479.ipv6_address": "",
                            "networks_advanced.693871479.name": "eth3",
                            "networks_advanced.809538102.aliases.#": "0",
                            "networks_advanced.809538102.ipv4_address": "",
                            "networks_advanced.809538102.ipv6_address": "",
                            "networks_advanced.809538102.name": "eth2",
                            "ports.#": "0",
                            "privileged": "true",
                            "restart": "always",
                            "rm": "false",
                            "start": "true"
                        },
                        "meta": {
                            "schema_version": "1"
                        },
                        "tainted": false
                    },
                    "deposed": [],
                    "provider": "provider.docker"
                },
                "docker_container.spine-2": {
                    "type": "docker_container",
                    "depends_on": [],
                    "primary": {
                        "id": "b329990b1663896d0c6f06305a742269cc858b48cc4fc1a61054d8fa23e4cafa",
                        "attributes": {
                            "attach": "false",
                            "bridge": "",
                            "command.#": "1",
                            "command.0": "/sbin/init",
                            "env.#": "6",
                            "env.1051106910": "CEOS=1",
                            "env.1488415922": "ETBA=1",
                            "env.3084761760": "EOS_PLATFORM=ceoslab",
                            "env.3464381541": "SKIP_ZEROTOUCH_BARRIER_IN_SYSDBINIT=1",
                            "env.4035827681": "INTFTYPE=eth",
                            "env.4067249254": "container=docker",
                            "gateway": "172.27.0.1",
                            "id": "b329990b1663896d0c6f06305a742269cc858b48cc4fc1a61054d8fa23e4cafa",
                            "image": "ceos:latest",
                            "ip_address": "172.27.0.5",
                            "ip_prefix_length": "16",
                            "log_driver": "json-file",
                            "logs": "false",
                            "must_run": "true",
                            "name": "spine-2",
                            "network_data.#": "4",
                            "network_data.0.gateway": "172.28.0.1",
                            "network_data.0.ip_address": "172.28.0.2",
                            "network_data.0.ip_prefix_length": "16",
                            "network_data.0.network_name": "eth4",
                            "network_data.1.gateway": "172.22.0.1",
                            "network_data.1.ip_address": "172.22.0.3",
                            "network_data.1.ip_prefix_length": "16",
                            "network_data.1.network_name": "eth5",
                            "network_data.2.gateway": "172.21.0.1",
                            "network_data.2.ip_address": "172.21.0.3",
                            "network_data.2.ip_prefix_length": "16",
                            "network_data.2.network_name": "eth6",
                            "network_data.3.gateway": "172.27.0.1",
                            "network_data.3.ip_address": "172.27.0.5",
                            "network_data.3.ip_prefix_length": "16",
                            "network_data.3.network_name": "eth0",
                            "networks_advanced.#": "4",
                            "networks_advanced.1412192050.aliases.#": "0",
                            "networks_advanced.1412192050.ipv4_address": "",
                            "networks_advanced.1412192050.ipv6_address": "",
                            "networks_advanced.1412192050.name": "eth6",
                            "networks_advanced.1712993712.aliases.#": "0",
                            "networks_advanced.1712993712.ipv4_address": "",
                            "networks_advanced.1712993712.ipv6_address": "",
                            "networks_advanced.1712993712.name": "eth4",
                            "networks_advanced.2130773233.aliases.#": "0",
                            "networks_advanced.2130773233.ipv4_address": "",
                            "networks_advanced.2130773233.ipv6_address": "",
                            "networks_advanced.2130773233.name": "eth5",
                            "networks_advanced.41349300.aliases.#": "0",
                            "networks_advanced.41349300.ipv4_address": "",
                            "networks_advanced.41349300.ipv6_address": "",
                            "networks_advanced.41349300.name": "eth0",
                            "ports.#": "0",
                            "privileged": "true",
                            "restart": "always",
                            "rm": "false",
                            "start": "true"
                        },
                        "meta": {
                            "schema_version": "1"
                        },
                        "tainted": false
                    },
                    "deposed": [],
                    "provider": "provider.docker"
                },
                "docker_network.eth0": {
                    "type": "docker_network",
                    "depends_on": [],
                    "primary": {
                        "id": "b6f8d2ac3ef60afaaa8241d31b3ce7ed7434177745e349acad302437432f468f",
                        "attributes": {
                            "attachable": "false",
                            "driver": "bridge",
                            "id": "b6f8d2ac3ef60afaaa8241d31b3ce7ed7434177745e349acad302437432f468f",
                            "ingress": "false",
                            "internal": "false",
                            "ipv6": "false",
                            "name": "eth0",
                            "options.%": "0",
                            "scope": "local"
                        },
                        "meta": {},
                        "tainted": false
                    },
                    "deposed": [],
                    "provider": "provider.docker"
                },
                "docker_network.eth1": {
                    "type": "docker_network",
                    "depends_on": [],
                    "primary": {
                        "id": "698689784e615591f9381f7f8a39bd98b812dddb08e93f8c16975f4e9fc469db",
                        "attributes": {
                            "attachable": "false",
                            "driver": "bridge",
                            "id": "698689784e615591f9381f7f8a39bd98b812dddb08e93f8c16975f4e9fc469db",
                            "ingress": "false",
                            "internal": "false",
                            "ipv6": "false",
                            "name": "eth1",
                            "options.%": "0",
                            "scope": "local"
                        },
                        "meta": {},
                        "tainted": false
                    },
                    "deposed": [],
                    "provider": "provider.docker"
                },
                "docker_network.eth10": {
                    "type": "docker_network",
                    "depends_on": [],
                    "primary": {
                        "id": "8808fc4bc17f7cb2d19f0428a11439cc218aa50643ab993f13f506e86ce4fe5e",
                        "attributes": {
                            "attachable": "false",
                            "driver": "bridge",
                            "id": "8808fc4bc17f7cb2d19f0428a11439cc218aa50643ab993f13f506e86ce4fe5e",
                            "ingress": "false",
                            "internal": "false",
                            "ipv6": "false",
                            "name": "eth10",
                            "options.%": "0",
                            "scope": "local"
                        },
                        "meta": {},
                        "tainted": false
                    },
                    "deposed": [],
                    "provider": "provider.docker"
                },
                "docker_network.eth2": {
                    "type": "docker_network",
                    "depends_on": [],
                    "primary": {
                        "id": "263c91e91850eb477b2b7d2c6c97343febf452f1edc1fc0c4114d8b7bd1909ab",
                        "attributes": {
                            "attachable": "false",
                            "driver": "bridge",
                            "id": "263c91e91850eb477b2b7d2c6c97343febf452f1edc1fc0c4114d8b7bd1909ab",
                            "ingress": "false",
                            "internal": "false",
                            "ipv6": "false",
                            "name": "eth2",
                            "options.%": "0",
                            "scope": "local"
                        },
                        "meta": {},
                        "tainted": false
                    },
                    "deposed": [],
                    "provider": "provider.docker"
                },
                "docker_network.eth3": {
                    "type": "docker_network",
                    "depends_on": [],
                    "primary": {
                        "id": "5ccb8fe7770cfdae86c15e8f6d28bc7161359bee2fd336c680b6e78b688f9fc1",
                        "attributes": {
                            "attachable": "false",
                            "driver": "bridge",
                            "id": "5ccb8fe7770cfdae86c15e8f6d28bc7161359bee2fd336c680b6e78b688f9fc1",
                            "ingress": "false",
                            "internal": "false",
                            "ipv6": "false",
                            "name": "eth3",
                            "options.%": "0",
                            "scope": "local"
                        },
                        "meta": {},
                        "tainted": false
                    },
                    "deposed": [],
                    "provider": "provider.docker"
                },
                "docker_network.eth4": {
                    "type": "docker_network",
                    "depends_on": [],
                    "primary": {
                        "id": "a82fd0d6b58ba37cd29f77ae66b9c35329e518db6d50594bfbf5eceb8dec5e26",
                        "attributes": {
                            "attachable": "false",
                            "driver": "bridge",
                            "id": "a82fd0d6b58ba37cd29f77ae66b9c35329e518db6d50594bfbf5eceb8dec5e26",
                            "ingress": "false",
                            "internal": "false",
                            "ipv6": "false",
                            "name": "eth4",
                            "options.%": "0",
                            "scope": "local"
                        },
                        "meta": {},
                        "tainted": false
                    },
                    "deposed": [],
                    "provider": "provider.docker"
                },
                "docker_network.eth5": {
                    "type": "docker_network",
                    "depends_on": [],
                    "primary": {
                        "id": "81905a1a1b4d7fc294f47c5e0531d0a3d9b06ffb4c97f45e6d0792adb125d6f9",
                        "attributes": {
                            "attachable": "false",
                            "driver": "bridge",
                            "id": "81905a1a1b4d7fc294f47c5e0531d0a3d9b06ffb4c97f45e6d0792adb125d6f9",
                            "ingress": "false",
                            "internal": "false",
                            "ipv6": "false",
                            "name": "eth5",
                            "options.%": "0",
                            "scope": "local"
                        },
                        "meta": {},
                        "tainted": false
                    },
                    "deposed": [],
                    "provider": "provider.docker"
                },
                "docker_network.eth6": {
                    "type": "docker_network",
                    "depends_on": [],
                    "primary": {
                        "id": "2fce073267df8cb180cda138c87f631e5781cef52f18c2c195c765cf231101e3",
                        "attributes": {
                            "attachable": "false",
                            "driver": "bridge",
                            "id": "2fce073267df8cb180cda138c87f631e5781cef52f18c2c195c765cf231101e3",
                            "ingress": "false",
                            "internal": "false",
                            "ipv6": "false",
                            "name": "eth6",
                            "options.%": "0",
                            "scope": "local"
                        },
                        "meta": {},
                        "tainted": false
                    },
                    "deposed": [],
                    "provider": "provider.docker"
                },
                "docker_network.eth7": {
                    "type": "docker_network",
                    "depends_on": [],
                    "primary": {
                        "id": "431754db70e597b7925a6b1d0c4208ee94539aec70cc7a61aeff906d03b33f93",
                        "attributes": {
                            "attachable": "false",
                            "driver": "bridge",
                            "id": "431754db70e597b7925a6b1d0c4208ee94539aec70cc7a61aeff906d03b33f93",
                            "ingress": "false",
                            "internal": "false",
                            "ipv6": "false",
                            "name": "eth7",
                            "options.%": "0",
                            "scope": "local"
                        },
                        "meta": {},
                        "tainted": false
                    },
                    "deposed": [],
                    "provider": "provider.docker"
                },
                "docker_network.eth8": {
                    "type": "docker_network",
                    "depends_on": [],
                    "primary": {
                        "id": "8ab147e15d3e5f46c0014cc54bb4a35642ffa06de7983547e46b9732e177478e",
                        "attributes": {
                            "attachable": "false",
                            "driver": "bridge",
                            "id": "8ab147e15d3e5f46c0014cc54bb4a35642ffa06de7983547e46b9732e177478e",
                            "ingress": "false",
                            "internal": "false",
                            "ipv6": "false",
                            "name": "eth8",
                            "options.%": "0",
                            "scope": "local"
                        },
                        "meta": {},
                        "tainted": false
                    },
                    "deposed": [],
                    "provider": "provider.docker"
                },
                "docker_network.eth9": {
                    "type": "docker_network",
                    "depends_on": [],
                    "primary": {
                        "id": "372111f5cb20e5a229e4e9fbc9a1a9988b49de80d1b334f608e5917d5e43cec0",
                        "attributes": {
                            "attachable": "false",
                            "driver": "bridge",
                            "id": "372111f5cb20e5a229e4e9fbc9a1a9988b49de80d1b334f608e5917d5e43cec0",
                            "ingress": "false",
                            "internal": "false",
                            "ipv6": "false",
                            "name": "eth9",
                            "options.%": "0",
                            "scope": "local"
                        },
                        "meta": {},
                        "tainted": false
                    },
                    "deposed": [],
                    "provider": "provider.docker"
                }
            },
            "depends_on": []
        }
    ]
}
