{
    "version": 3,
    "terraform_version": "0.11.13",
    "serial": 6,
    "lineage": "c053bfdd-8759-0dcc-c68d-6abad75348bc",
    "modules": [
        {
            "path": [
                "root"
            ],
            "outputs": {},
            "resources": {
                "docker_network.net1": {
                    "type": "docker_network",
                    "depends_on": [],
                    "primary": {
                        "id": "b1633ec46842dd78ba2cac5d86098386ee3bf3ee0298d0d7b8e112dddb3d89b0",
                        "attributes": {
                            "attachable": "false",
                            "driver": "bridge",
                            "id": "b1633ec46842dd78ba2cac5d86098386ee3bf3ee0298d0d7b8e112dddb3d89b0",
                            "ingress": "false",
                            "internal": "false",
                            "ipv6": "false",
                            "name": "net1",
                            "options.%": "0",
                            "scope": "local"
                        },
                        "meta": {},
                        "tainted": false
                    },
                    "deposed": [],
                    "provider": "provider.docker"
                },
                "docker_network.net2": {
                    "type": "docker_network",
                    "depends_on": [],
                    "primary": {
                        "id": "bae027c1d4fc4ba9e4d3deb57638a8d15bfeea68cc2f613aa0e553273c400427",
                        "attributes": {
                            "attachable": "false",
                            "driver": "bridge",
                            "id": "bae027c1d4fc4ba9e4d3deb57638a8d15bfeea68cc2f613aa0e553273c400427",
                            "ingress": "false",
                            "internal": "false",
                            "ipv6": "false",
                            "name": "net2",
                            "options.%": "0",
                            "scope": "local"
                        },
                        "meta": {},
                        "tainted": false
                    },
                    "deposed": [],
                    "provider": "provider.docker"
                },
                "docker_network.net3": {
                    "type": "docker_network",
                    "depends_on": [],
                    "primary": {
                        "id": "1da25f63a5aef663d9b3f5ea8ebf71d196d95edf287c58df3c896e0d8acbdddf",
                        "attributes": {
                            "attachable": "false",
                            "driver": "bridge",
                            "id": "1da25f63a5aef663d9b3f5ea8ebf71d196d95edf287c58df3c896e0d8acbdddf",
                            "ingress": "false",
                            "internal": "false",
                            "ipv6": "false",
                            "name": "net3",
                            "options.%": "0",
                            "scope": "local"
                        },
                        "meta": {},
                        "tainted": false
                    },
                    "deposed": [],
                    "provider": "provider.docker"
                }
            },
            "depends_on": []
        }
    ]
}
